
Microsoft Visual Studio Solution File, Format Version 12.00
# Visual Studio Version 16
VisualStudioVersion = 16.0.28917.181
MinimumVisualStudioVersion = 10.0.40219.1
Project("{FAE04EC0-301F-11D3-BF4B-00C04F79EFBC}") = "d8Recursion", "d8Recursion\d8Recursion.csproj", "{F8F0B04B-0E13-4E0A-A77B-E0D6A2DB8CC6}"
EndProject
Global
	GlobalSection(SolutionConfigurationPlatforms) = preSolution
		Debug|Any CPU = Debug|Any CPU
		Release|Any CPU = Release|Any CPU
	EndGlobalSection
	GlobalSection(ProjectConfigurationPlatforms) = postSolution
		{F8F0B04B-0E13-4E0A-A77B-E0D6A2DB8CC6}.Debug|Any CPU.ActiveCfg = Debug|Any CPU
		{F8F0B04B-0E13-4E0A-A77B-E0D6A2DB8CC6}.Debug|Any CPU.Build.0 = Debug|Any CPU
		{F8F0B04B-0E13-4E0A-A77B-E0D6A2DB8CC6}.Release|Any CPU.ActiveCfg = Release|Any CPU
		{F8F0B04B-0E13-4E0A-A77B-E0D6A2DB8CC6}.Release|Any CPU.Build.0 = Release|Any CPU
	EndGlobalSection
	GlobalSection(SolutionProperties) = preSolution
		HideSolutionNode = FALSE
	EndGlobalSection
	GlobalSection(ExtensibilityGlobals) = postSolution
		SolutionGuid = {8F2D50CD-64AE-44C2-95A7-24A68A46A4C4}
	EndGlobalSection
EndGlobal
