
Microsoft Visual Studio Solution File, Format Version 12.00
# Visual Studio Version 16
VisualStudioVersion = 16.0.28917.181
MinimumVisualStudioVersion = 10.0.40219.1
Project("{FAE04EC0-301F-11D3-BF4B-00C04F79EFBC}") = "d8Class07Demo", "d8Class07Demo\d8Class07Demo.csproj", "{46586E06-867F-4734-9C86-EE67FB28B01F}"
EndProject
Global
	GlobalSection(SolutionConfigurationPlatforms) = preSolution
		Debug|Any CPU = Debug|Any CPU
		Release|Any CPU = Release|Any CPU
	EndGlobalSection
	GlobalSection(ProjectConfigurationPlatforms) = postSolution
		{46586E06-867F-4734-9C86-EE67FB28B01F}.Debug|Any CPU.ActiveCfg = Debug|Any CPU
		{46586E06-867F-4734-9C86-EE67FB28B01F}.Debug|Any CPU.Build.0 = Debug|Any CPU
		{46586E06-867F-4734-9C86-EE67FB28B01F}.Release|Any CPU.ActiveCfg = Release|Any CPU
		{46586E06-867F-4734-9C86-EE67FB28B01F}.Release|Any CPU.Build.0 = Release|Any CPU
	EndGlobalSection
	GlobalSection(SolutionProperties) = preSolution
		HideSolutionNode = FALSE
	EndGlobalSection
	GlobalSection(ExtensibilityGlobals) = postSolution
		SolutionGuid = {34224BEC-9E98-4D8B-B804-5E716754EFA6}
	EndGlobalSection
EndGlobal
