
Microsoft Visual Studio Solution File, Format Version 12.00
# Visual Studio Version 16
VisualStudioVersion = 16.0.28917.181
MinimumVisualStudioVersion = 10.0.40219.1
Project("{FAE04EC0-301F-11D3-BF4B-00C04F79EFBC}") = "d8Class06", "d8Class06\d8Class06.csproj", "{61C7A3D5-32A7-47B6-9631-CA3D4EB3E836}"
EndProject
Global
	GlobalSection(SolutionConfigurationPlatforms) = preSolution
		Debug|Any CPU = Debug|Any CPU
		Release|Any CPU = Release|Any CPU
	EndGlobalSection
	GlobalSection(ProjectConfigurationPlatforms) = postSolution
		{61C7A3D5-32A7-47B6-9631-CA3D4EB3E836}.Debug|Any CPU.ActiveCfg = Debug|Any CPU
		{61C7A3D5-32A7-47B6-9631-CA3D4EB3E836}.Debug|Any CPU.Build.0 = Debug|Any CPU
		{61C7A3D5-32A7-47B6-9631-CA3D4EB3E836}.Release|Any CPU.ActiveCfg = Release|Any CPU
		{61C7A3D5-32A7-47B6-9631-CA3D4EB3E836}.Release|Any CPU.Build.0 = Release|Any CPU
	EndGlobalSection
	GlobalSection(SolutionProperties) = preSolution
		HideSolutionNode = FALSE
	EndGlobalSection
	GlobalSection(ExtensibilityGlobals) = postSolution
		SolutionGuid = {3DA97DDA-AE81-4465-AE51-49D8FAFE5D8B}
	EndGlobalSection
EndGlobal
