
Microsoft Visual Studio Solution File, Format Version 12.00
# Visual Studio Version 16
VisualStudioVersion = 16.0.28917.181
MinimumVisualStudioVersion = 10.0.40219.1
Project("{FAE04EC0-301F-11D3-BF4B-00C04F79EFBC}") = "d8Day4Demo", "d8Day4Demo\d8Day4Demo.csproj", "{D35B2027-9A14-47F0-9291-874F9316F52D}"
EndProject
Global
	GlobalSection(SolutionConfigurationPlatforms) = preSolution
		Debug|Any CPU = Debug|Any CPU
		Release|Any CPU = Release|Any CPU
	EndGlobalSection
	GlobalSection(ProjectConfigurationPlatforms) = postSolution
		{D35B2027-9A14-47F0-9291-874F9316F52D}.Debug|Any CPU.ActiveCfg = Debug|Any CPU
		{D35B2027-9A14-47F0-9291-874F9316F52D}.Debug|Any CPU.Build.0 = Debug|Any CPU
		{D35B2027-9A14-47F0-9291-874F9316F52D}.Release|Any CPU.ActiveCfg = Release|Any CPU
		{D35B2027-9A14-47F0-9291-874F9316F52D}.Release|Any CPU.Build.0 = Release|Any CPU
	EndGlobalSection
	GlobalSection(SolutionProperties) = preSolution
		HideSolutionNode = FALSE
	EndGlobalSection
	GlobalSection(ExtensibilityGlobals) = postSolution
		SolutionGuid = {8F569453-D572-483D-99FB-F94BFC1717D7}
	EndGlobalSection
EndGlobal
